Microsoft Visual Studio Solution File, Format Version 12.00
# Visual Studio Version 17
VisualStudioVersion = 17.5.2.0
MinimumVisualStudioVersion = 10.0.40219.1
Project("{FAE04EC0-301F-11D3-BF4B-00C04F79EFBC}") = "PaletteProvider", "PaletteProvider\PaletteProvider.csproj", "{952D9A14-7C6C-6594-A40A-CBFB51CA4446}"
EndProject
Global
	GlobalSection(SolutionConfigurationPlatforms) = preSolution
		Debug|Any CPU = Debug|Any CPU
		Release|Any CPU = Release|Any CPU
	EndGlobalSection
	GlobalSection(ProjectConfigurationPlatforms) = postSolution
		{952D9A14-7C6C-6594-A40A-CBFB51CA4446}.Debug|Any CPU.ActiveCfg = Debug|Any CPU
		{952D9A14-7C6C-6594-A40A-CBFB51CA4446}.Debug|Any CPU.Build.0 = Debug|Any CPU
		{952D9A14-7C6C-6594-A40A-CBFB51CA4446}.Release|Any CPU.ActiveCfg = Release|Any CPU
		{952D9A14-7C6C-6594-A40A-CBFB51CA4446}.Release|Any CPU.Build.0 = Release|Any CPU
	EndGlobalSection
	GlobalSection(SolutionProperties) = preSolution
		HideSolutionNode = FALSE
	EndGlobalSection
	GlobalSection(ExtensibilityGlobals) = postSolution
		SolutionGuid = {A2245AF2-1524-438F-8F69-97C543D7D04F}
	EndGlobalSection
EndGlobal
